{
  "name": "liana-vscode-backend",
  "version": "0.0.0",
  "lockfileVersion": 3,
  "requires": true,
  "packages": {
    "": {
      "name": "liana-vscode-backend",
      "version": "0.0.0",
      "license": "Apache-2.0",
      "dependencies": {
        "astn": "^0.113.43",
        "pareto-liana": "^0.0.16"
      },
      "engines": {
        "node": ">=14.0.0"
      }
    },
    "node_modules/astn": {
      "version": "0.113.43",
      "resolved": "https://registry.npmjs.org/astn/-/astn-0.113.43.tgz",
      "integrity": "sha512-EzGNfk2yNr41DxnMxdAh7PcZJvJNbi1NOylmmiS6MBlu5zzskJ81RUrsNwRCNcfllCtGMyjt0KX6xtr/gccK7A==",
      "license": "Apache-2.0",
      "dependencies": {
        "astn-core": "^0.5.59",
        "liana-core": "^0.0.36",
        "pareto-fountain-pen": "^0.4.49",
        "pareto-host-nodejs": "^0.2.33",
        "pareto-json": "^0.3.31",
        "pareto-resources": "^0.2.54"
      },
      "bin": {
        "astn-validate": "dist/bin/validate_astn.js"
      },
      "engines": {
        "node": ">=14.0.0"
      }
    },
    "node_modules/astn-core": {
      "version": "0.5.68",
      "resolved": "https://registry.npmjs.org/astn-core/-/astn-core-0.5.68.tgz",
      "integrity": "sha512-XVfkbuDcb1P4F+auluxJkmbYQ9fNPbl7AqW54KXeGkaMfJHUXLIcKMFPC42RGiiahlns14bWwx9Em5h8awDgWw==",
      "license": "Apache-2.0",
      "dependencies": {
        "pareto-fountain-pen": "^0.4.49"
      }
    },
    "node_modules/liana-core": {
      "version": "0.0.36",
      "resolved": "https://registry.npmjs.org/liana-core/-/liana-core-0.0.36.tgz",
      "integrity": "sha512-W5oqSb832gjKctTmZaZgkkJn2lIm/WSbvIPv75YBZUWBjlXjmk2gYNGO5C6fDa2Fah/wUUPXU8MKccx/1QdLaA==",
      "license": "Apache-2.0",
      "dependencies": {
        "astn-core": "^0.5.59",
        "pareto-core": "^0.1.57"
      }
    },
    "node_modules/pareto": {
      "version": "0.80.24",
      "resolved": "https://registry.npmjs.org/pareto/-/pareto-0.80.24.tgz",
      "integrity": "sha512-gC5VGtzIWP6Xxk13MP6vx1na1yT+wV4BIvFPLkIpNbLF9/YZ+iW5zKr1cquy5U2s1k6jWcri8ngfdFlnCvkMwg==",
      "license": "Apache-2.0",
      "dependencies": {
        "liana-core": "^0.0.35",
        "pareto-core-dev": "^0.12.8",
        "pareto-fountain-pen": "^0.4.49",
        "pareto-fountain-pen-file-structure": "^0.0.6"
      }
    },
    "node_modules/pareto-core": {
      "version": "0.1.62",
      "resolved": "https://registry.npmjs.org/pareto-core/-/pareto-core-0.1.62.tgz",
      "integrity": "sha512-A2S+w5/tIBb0dqypTymmxGN4ZeWEjxBkcf7nSvuhkt5fYlfIu9h+m1BRUGvdchwM2cmEzHHYPI8YENUM8+LkPg==",
      "license": "ISC"
    },
    "node_modules/pareto-core-dev": {
      "version": "0.12.9",
      "resolved": "https://registry.npmjs.org/pareto-core-dev/-/pareto-core-dev-0.12.9.tgz",
      "integrity": "sha512-AivOFdspCaEIM0TJQgHN7AVQ746qCJvmJvb9lz9eu4xYxuhDhHuZJQEyEf2hJE2U1ixKgQ1ac90BTzmTxTRzSA==",
      "license": "ISC",
      "dependencies": {
        "pareto-core": "^0.1.57"
      }
    },
    "node_modules/pareto-core-shorthands": {
      "version": "0.2.25",
      "resolved": "https://registry.npmjs.org/pareto-core-shorthands/-/pareto-core-shorthands-0.2.25.tgz",
      "integrity": "sha512-zy//Do3EnhFJ3hP4FSPAeCmbGjUCm8d0JQVFqK8hqoCkG6zG7/9ieT1+kFoe3Tz74DhsgrRListLq0k4AxJZug==",
      "license": "ISC",
      "dependencies": {
        "astn-core": "^0.5.65",
        "pareto-core": "^0.1.57"
      }
    },
    "node_modules/pareto-fountain-pen": {
      "version": "0.4.49",
      "resolved": "https://registry.npmjs.org/pareto-fountain-pen/-/pareto-fountain-pen-0.4.49.tgz",
      "integrity": "sha512-sHGn0GnkcQf72vSbqtkZONmNg/EX875dXiyUbDBmBFI2sZAfeFRim7PD+CLEHQGDRDPh3FktDI3+dldt1d8wRA==",
      "license": "Apache-2.0",
      "dependencies": {
        "pareto-core": "^0.1.53",
        "pareto-core-shorthands": "^0.2.20"
      },
      "engines": {
        "node": ">=14.0.0"
      }
    },
    "node_modules/pareto-fountain-pen-file-structure": {
      "version": "0.0.6",
      "resolved": "https://registry.npmjs.org/pareto-fountain-pen-file-structure/-/pareto-fountain-pen-file-structure-0.0.6.tgz",
      "integrity": "sha512-T6hEGPrHDbl4Psxfe6KUB/ltXQKZ6X8rlX7xfJtUmyPuI5ZmqrELGGOgpIQn6FXhVWqI3qFC82u5wd34NUFZjg==",
      "license": "Apache-2.0",
      "dependencies": {
        "pareto-resources": "^0.2.49"
      },
      "engines": {
        "node": ">=14.0.0"
      }
    },
    "node_modules/pareto-host-nodejs": {
      "version": "0.2.34",
      "resolved": "https://registry.npmjs.org/pareto-host-nodejs/-/pareto-host-nodejs-0.2.34.tgz",
      "integrity": "sha512-KJFxMyfajr23m6Jgtsqxf85Ta5hum8u3T6IZ0YBoI1pSTybPLdHnnVqUS97zr9FLrLfnnAxtC6uqQrw0JOCTAQ==",
      "license": "ISC",
      "dependencies": {
        "pareto-resources": "^0.2.54"
      }
    },
    "node_modules/pareto-json": {
      "version": "0.3.32",
      "resolved": "https://registry.npmjs.org/pareto-json/-/pareto-json-0.3.32.tgz",
      "integrity": "sha512-s3R8qP8xxuc0a+yXkx3UT0D5U46lP5kfQ57zYD/4Huc0n5+ToBURf8DNR+bPfW92cgIz9NWv1uT4jK7fRSPdNw==",
      "license": "Apache-2.0",
      "dependencies": {
        "astn-core": "^0.5.62",
        "pareto-core-shorthands": "^0.2.24",
        "pareto-fountain-pen": "^0.4.49"
      },
      "engines": {
        "node": ">=14.0.0"
      }
    },
    "node_modules/pareto-liana": {
      "version": "0.0.16",
      "resolved": "https://registry.npmjs.org/pareto-liana/-/pareto-liana-0.0.16.tgz",
      "integrity": "sha512-1xp1LWAYZ97j0SAMxDcUli+jqZmhxDDLw6npFtucgo5n86YK0C7J9n94F8+S8uwsBvcowymax4A5dzpcXNm6JA==",
      "license": "Apache-2.0",
      "dependencies": {
        "astn-core": "^0.5.67",
        "liana-core": "^0.0.38",
        "pareto": "^0.80.24",
        "pareto-core-dev": "^0.12.9",
        "pareto-core-shorthands": "^0.2.25",
        "pareto-fountain-pen": "^0.4.49",
        "pareto-fountain-pen-file-structure": "^0.0.6",
        "pareto-host-nodejs": "^0.2.34",
        "pareto-resources": "^0.2.55"
      }
    },
    "node_modules/pareto-liana/node_modules/liana-core": {
      "version": "0.0.38",
      "resolved": "https://registry.npmjs.org/liana-core/-/liana-core-0.0.38.tgz",
      "integrity": "sha512-Reh5cjqHfdywRG7qINuPZPKAQhj5jNJQo8vOFuKXHoi7faKZJq2qwGLF258oXcfwqEkLyWjEdfu35eQhUSJ7OQ==",
      "license": "Apache-2.0",
      "dependencies": {
        "astn-core": "^0.5.61",
        "pareto-core": "^0.1.57"
      }
    },
    "node_modules/pareto-resources": {
      "version": "0.2.55",
      "resolved": "https://registry.npmjs.org/pareto-resources/-/pareto-resources-0.2.55.tgz",
      "integrity": "sha512-/Ld/njww79uo5sTlY0NZaS2hLns8rYrRUkT3XaYnlhkrMe4bxUjspO4HIbnCm3Vxq31/IN0H0ol2adGGBX3kKg==",
      "license": "Apache-2.0",
      "dependencies": {
        "liana-core": "^0.0.38",
        "pareto-fountain-pen": "^0.4.49"
      }
    },
    "node_modules/pareto-resources/node_modules/liana-core": {
      "version": "0.0.38",
      "resolved": "https://registry.npmjs.org/liana-core/-/liana-core-0.0.38.tgz",
      "integrity": "sha512-Reh5cjqHfdywRG7qINuPZPKAQhj5jNJQo8vOFuKXHoi7faKZJq2qwGLF258oXcfwqEkLyWjEdfu35eQhUSJ7OQ==",
      "license": "Apache-2.0",
      "dependencies": {
        "astn-core": "^0.5.61",
        "pareto-core": "^0.1.57"
      }
    },
    "node_modules/pareto/node_modules/liana-core": {
      "version": "0.0.35",
      "resolved": "https://registry.npmjs.org/liana-core/-/liana-core-0.0.35.tgz",
      "integrity": "sha512-sNKI5qV9KZvzCY78bpFlOLxY5LCFljYWoCY3JO4aOt0qHKWLvKZqgxwdG/JWgy07v3BJQY5ae9GoikaA1tQspA==",
      "license": "Apache-2.0",
      "dependencies": {
        "astn-core": "^0.5.57",
        "pareto-core": "^0.1.54"
      }
    }
  }
}
